
Microsoft Visual Studio Solution File, Format Version 12.00
# Visual Studio Version 17
VisualStudioVersion = 17.9.34607.119
MinimumVisualStudioVersion = 10.0.40219.1
Project("{FAE04EC0-301F-11D3-BF4B-00C04F79EFBC}") = "KeyedServicesWebApplication", "KeyedServicesWebApplication\KeyedServicesWebApplication.csproj", "{8587F743-B76E-4D7A-B448-13AB6BC24191}"
EndProject
Global
	GlobalSection(SolutionConfigurationPlatforms) = preSolution
		Debug|Any CPU = Debug|Any CPU
		Release|Any CPU = Release|Any CPU
	EndGlobalSection
	GlobalSection(ProjectConfigurationPlatforms) = postSolution
		{8587F743-B76E-4D7A-B448-13AB6BC24191}.Debug|Any CPU.ActiveCfg = Debug|Any CPU
		{8587F743-B76E-4D7A-B448-13AB6BC24191}.Debug|Any CPU.Build.0 = Debug|Any CPU
		{8587F743-B76E-4D7A-B448-13AB6BC24191}.Release|Any CPU.ActiveCfg = Release|Any CPU
		{8587F743-B76E-4D7A-B448-13AB6BC24191}.Release|Any CPU.Build.0 = Release|Any CPU
	EndGlobalSection
	GlobalSection(SolutionProperties) = preSolution
		HideSolutionNode = FALSE
	EndGlobalSection
	GlobalSection(ExtensibilityGlobals) = postSolution
		SolutionGuid = {90614F43-6224-4D5E-BAB7-B39C6FD7BE8C}
	EndGlobalSection
EndGlobal
